// !$*UTF8*$!
{
	archiveVersion = 1;
	classes = {
	};
	objectVersion = 56;
	objects = {

/* Begin PBXBuildFile section */
		41F807F52A733EE400A39978 /* AppDelegate.swift in Sources */ = {isa = PBXBuildFile; fileRef = 41F807F42A733EE400A39978 /* AppDelegate.swift */; };
		41F807F72A733EE400A39978 /* SceneDelegate.swift in Sources */ = {isa = PBXBuildFile; fileRef = 41F807F62A733EE400A39978 /* SceneDelegate.swift */; };
		41F807F92A733EE400A39978 /* ViewController.swift in Sources */ = {isa = PBXBuildFile; fileRef = 41F807F82A733EE400A39978 /* ViewController.swift */; };
		41F807FC2A733EE400A39978 /* Main.storyboard in Resources */ = {isa = PBXBuildFile; fileRef = 41F807FA2A733EE400A39978 /* Main.storyboard */; };
		41F807FF2A733EE400A39978 /* MyGames.xcdatamodeld in Sources */ = {isa = PBXBuildFile; fileRef = 41F807FD2A733EE400A39978 /* MyGames.xcdatamodeld */; };
		41F808012A733EE700A39978 /* Assets.xcassets in Resources */ = {isa = PBXBuildFile; fileRef = 41F808002A733EE700A39978 /* Assets.xcassets */; };
		41F808042A733EE700A39978 /* LaunchScreen.storyboard in Resources */ = {isa = PBXBuildFile; fileRef = 41F808022A733EE700A39978 /* LaunchScreen.storyboard */; };
		41F8080F2A733EE700A39978 /* MyGamesTests.swift in Sources */ = {isa = PBXBuildFile; fileRef = 41F8080E2A733EE700A39978 /* MyGamesTests.swift */; };
		41F808192A733EE700A39978 /* MyGamesUITests.swift in Sources */ = {isa = PBXBuildFile; fileRef = 41F808182A733EE700A39978 /* MyGamesUITests.swift */; };
		41F8081B2A733EE700A39978 /* MyGamesUITestsLaunchTests.swift in Sources */ = {isa = PBXBuildFile; fileRef = 41F8081A2A733EE700A39978 /* MyGamesUITestsLaunchTests.swift */; };
/* End PBXBuildFile section */

/* Begin PBXContainerItemProxy section */
		41F8080B2A733EE700A39978 /* PBXContainerItemProxy */ = {
			isa = PBXContainerItemProxy;
			containerPortal = 41F807E92A733EE400A39978 /* Project object */;
			proxyType = 1;
			remoteGlobalIDString = 41F807F02A733EE400A39978;
			remoteInfo = MyGames;
		};
		41F808152A733EE700A39978 /* PBXContainerItemProxy */ = {
			isa = PBXContainerItemProxy;
			containerPortal = 41F807E92A733EE400A39978 /* Project object */;
			proxyType = 1;
			remoteGlobalIDString = 41F807F02A733EE400A39978;
			remoteInfo = MyGames;
		};
/* End PBXContainerItemProxy section */

/* Begin PBXFileReference section */
		41F807F12A733EE400A39978 /* MyGames.app */ = {isa = PBXFileReference; explicitFileType = wrapper.application; includeInIndex = 0; path = MyGames.app; sourceTree = BUILT_PRODUCTS_DIR; };
		41F807F42A733EE400A39978 /* AppDelegate.swift */ = {isa = PBXFileReference; lastKnownFileType = sourcecode.swift; path = AppDelegate.swift; sourceTree = "<group>"; };
		41F807F62A733EE400A39978 /* SceneDelegate.swift */ = {isa = PBXFileReference; lastKnownFileType = sourcecode.swift; path = SceneDelegate.swift; sourceTree = "<group>"; };
		41F807F82A733EE400A39978 /* ViewController.swift */ = {isa = PBXFileReference; lastKnownFileType = sourcecode.swift; path = ViewController.swift; sourceTree = "<group>"; };
		41F807FB2A733EE400A39978 /* Base */ = {isa = PBXFileReference; lastKnownFileType = file.storyboard; name = Base; path = Base.lproj/Main.storyboard; sourceTree = "<group>"; };
		41F807FE2A733EE400A39978 /* MyGames.xcdatamodel */ = {isa = PBXFileReference; lastKnownFileType = wrapper.xcdatamodel; path = MyGames.xcdatamodel; sourceTree = "<group>"; };
		41F808002A733EE700A39978 /* Assets.xcassets */ = {isa = PBXFileReference; lastKnownFileType = folder.assetcatalog; path = Assets.xcassets; sourceTree = "<group>"; };
		41F808032A733EE700A39978 /* Base */ = {isa = PBXFileReference; lastKnownFileType = file.storyboard; name = Base; path = Base.lproj/LaunchScreen.storyboard; sourceTree = "<group>"; };
		41F808052A733EE700A39978 /* Info.plist */ = {isa = PBXFileReference; lastKnownFileType = text.plist.xml; path = Info.plist; sourceTree = "<group>"; };
		41F8080A2A733EE700A39978 /* MyGamesTests.xctest */ = {isa = PBXFileReference; explicitFileType = wrapper.cfbundle; includeInIndex = 0; path = MyGamesTests.xctest; sourceTree = BUILT_PRODUCTS_DIR; };
		41F8080E2A733EE700A39978 /* MyGamesTests.swift */ = {isa = PBXFileReference; lastKnownFileType = sourcecode.swift; path = MyGamesTests.swift; sourceTree = "<group>"; };
		41F808142A733EE700A39978 /* MyGamesUITests.xctest */ = {isa = PBXFileReference; explicitFileType = wrapper.cfbundle; includeInIndex = 0; path = MyGamesUITests.xctest; sourceTree = BUILT_PRODUCTS_DIR; };
		41F808182A733EE700A39978 /* MyGamesUITests.swift */ = {isa = PBXFileReference; lastKnownFileType = sourcecode.swift; path = MyGamesUITests.swift; sourceTree = "<group>"; };
		41F8081A2A733EE700A39978 /* MyGamesUITestsLaunchTests.swift */ = {isa = PBXFileReference; lastKnownFileType = sourcecode.swift; path = MyGamesUITestsLaunchTests.swift; sourceTree = "<group>"; };
/* End PBXFileReference section */

/* Begin PBXFrameworksBuildPhase section */
		41F807EE2A733EE400A39978 /* Frameworks */ = {
			isa = PBXFrameworksBuildPhase;
			buildActionMask = 2147483647;
			files = (
			);
			runOnlyForDeploymentPostprocessing = 0;
		};
		41F808072A733EE700A39978 /* Frameworks */ = {
			isa = PBXFrameworksBuildPhase;
			buildActionMask = 2147483647;
			files = (
			);
			runOnlyForDeploymentPostprocessing = 0;
		};
		41F808112A733EE700A39978 /* Frameworks */ = {
			isa = PBXFrameworksBuildPhase;
			buildActionMask = 2147483647;
			files = (
			);
			runOnlyForDeploymentPostprocessing = 0;
		};
/* End PBXFrameworksBuildPhase section */

/* Begin PBXGroup section */
		41F807E82A733EE400A39978 = {
			isa = PBXGroup;
			children = (
				41F807F32A733EE400A39978 /* MyGames */,
				41F8080D2A733EE700A39978 /* MyGamesTests */,
				41F808172A733EE700A39978 /* MyGamesUITests */,
				41F807F22A733EE400A39978 /* Products */,
			);
			sourceTree = "<group>";
		};
		41F807F22A733EE400A39978 /* Products */ = {
			isa = PBXGroup;
			children = (
				41F807F12A733EE400A39978 /* MyGames.app */,
				41F8080A2A733EE700A39978 /* MyGamesTests.xctest */,
				41F808142A733EE700A39978 /* MyGamesUITests.xctest */,
			);
			name = Products;
			sourceTree = "<group>";
		};
		41F807F32A733EE400A39978 /* MyGames */ = {
			isa = PBXGroup;
			children = (
				41F807F42A733EE400A39978 /* AppDelegate.swift */,
				41F807F62A733EE400A39978 /* SceneDelegate.swift */,
				41F807F82A733EE400A39978 /* ViewController.swift */,
				41F807FA2A733EE400A39978 /* Main.storyboard */,
				41F808002A733EE700A39978 /* Assets.xcassets */,
				41F808022A733EE700A39978 /* LaunchScreen.storyboard */,
				41F808052A733EE700A39978 /* Info.plist */,
				41F807FD2A733EE400A39978 /* MyGames.xcdatamodeld */,
			);
			path = MyGames;
			sourceTree = "<group>";
		};
		41F8080D2A733EE700A39978 /* MyGamesTests */ = {
			isa = PBXGroup;
			children = (
				41F8080E2A733EE700A39978 /* MyGamesTests.swift */,
			);
			path = MyGamesTests;
			sourceTree = "<group>";
		};
		41F808172A733EE700A39978 /* MyGamesUITests */ = {
			isa = PBXGroup;
			children = (
				41F808182A733EE700A39978 /* MyGamesUITests.swift */,
				41F8081A2A733EE700A39978 /* MyGamesUITestsLaunchTests.swift */,
			);
			path = MyGamesUITests;
			sourceTree = "<group>";
		};
/* End PBXGroup section */

/* Begin PBXNativeTarget section */
		41F807F02A733EE400A39978 /* MyGames */ = {
			isa = PBXNativeTarget;
			buildConfigurationList = 41F8081E2A733EE700A39978 /* Build configuration list for PBXNativeTarget "MyGames" */;
			buildPhases = (
				41F807ED2A733EE400A39978 /* Sources */,
				41F807EE2A733EE400A39978 /* Frameworks */,
				41F807EF2A733EE400A39978 /* Resources */,
			);
			buildRules = (
			);
			dependencies = (
			);
			name = MyGames;
			productName = MyGames;
			productReference = 41F807F12A733EE400A39978 /* MyGames.app */;
			productType = "com.apple.product-type.application";
		};
		41F808092A733EE700A39978 /* MyGamesTests */ = {
			isa = PBXNativeTarget;
			buildConfigurationList = 41F808212A733EE700A39978 /* Build configuration list for PBXNativeTarget "MyGamesTests" */;
			buildPhases = (
				41F808062A733EE700A39978 /* Sources */,
				41F808072A733EE700A39978 /* Frameworks */,
				41F808082A733EE700A39978 /* Resources */,
			);
			buildRules = (
			);
			dependencies = (
				41F8080C2A733EE700A39978 /* PBXTargetDependency */,
			);
			name = MyGamesTests;
			productName = MyGamesTests;
			productReference = 41F8080A2A733EE700A39978 /* MyGamesTests.xctest */;
			productType = "com.apple.product-type.bundle.unit-test";
		};
		41F808132A733EE700A39978 /* MyGamesUITests */ = {
			isa = PBXNativeTarget;
			buildConfigurationList = 41F808242A733EE700A39978 /* Build configuration list for PBXNativeTarget "MyGamesUITests" */;
			buildPhases = (
				41F808102A733EE700A39978 /* Sources */,
				41F808112A733EE700A39978 /* Frameworks */,
				41F808122A733EE700A39978 /* Resources */,
			);
			buildRules = (
			);
			dependencies = (
				41F808162A733EE700A39978 /* PBXTargetDependency */,
			);
			name = MyGamesUITests;
			productName = MyGamesUITests;
			productReference = 41F808142A733EE700A39978 /* MyGamesUITests.xctest */;
			productType = "com.apple.product-type.bundle.ui-testing";
		};
/* End PBXNativeTarget section */

/* Begin PBXProject section */
		41F807E92A733EE400A39978 /* Project object */ = {
			isa = PBXProject;
			attributes = {
				BuildIndependentTargetsInParallel = 1;
				LastSwiftUpdateCheck = 1420;
				LastUpgradeCheck = 1420;
				TargetAttributes = {
					41F807F02A733EE400A39978 = {
						CreatedOnToolsVersion = 14.2;
					};
					41F808092A733EE700A39978 = {
						CreatedOnToolsVersion = 14.2;
						TestTargetID = 41F807F02A733EE400A39978;
					};
					41F808132A733EE700A39978 = {
						CreatedOnToolsVersion = 14.2;
						TestTargetID = 41F807F02A733EE400A39978;
					};
				};
			};
			buildConfigurationList = 41F807EC2A733EE400A39978 /* Build configuration list for PBXProject "MyGames" */;
			compatibilityVersion = "Xcode 14.0";
			developmentRegion = en;
			hasScannedForEncodings = 0;
			knownRegions = (
				en,
				Base,
			);
			mainGroup = 41F807E82A733EE400A39978;
			productRefGroup = 41F807F22A733EE400A39978 /* Products */;
			projectDirPath = "";
			projectRoot = "";
			targets = (
				41F807F02A733EE400A39978 /* MyGames */,
				41F808092A733EE700A39978 /* MyGamesTests */,
				41F808132A733EE700A39978 /* MyGamesUITests */,
			);
		};
/* End PBXProject section */

/* Begin PBXResourcesBuildPhase section */
		41F807EF2A733EE400A39978 /* Resources */ = {
			isa = PBXResourcesBuildPhase;
			buildActionMask = 2147483647;
			files = (
				41F808042A733EE700A39978 /* LaunchScreen.storyboard in Resources */,
				41F808012A733EE700A39978 /* Assets.xcassets in Resources */,
				41F807FC2A733EE400A39978 /* Main.storyboard in Resources */,
			);
			runOnlyForDeploymentPostprocessing = 0;
		};
		41F808082A733EE700A39978 /* Resources */ = {
			isa = PBXResourcesBuildPhase;
			buildActionMask = 2147483647;
			files = (
			);
			runOnlyForDeploymentPostprocessing = 0;
		};
		41F808122A733EE700A39978 /* Resources */ = {
			isa = PBXResourcesBuildPhase;
			buildActionMask = 2147483647;
			files = (
			);
			runOnlyForDeploymentPostprocessing = 0;
		};
/* End PBXResourcesBuildPhase section */

/* Begin PBXSourcesBuildPhase section */
		41F807ED2A733EE400A39978 /* Sources */ = {
			isa = PBXSourcesBuildPhase;
			buildActionMask = 2147483647;
			files = (
				41F807F92A733EE400A39978 /* ViewController.swift in Sources */,
				41F807F52A733EE400A39978 /* AppDelegate.swift in Sources */,
				41F807F72A733EE400A39978 /* SceneDelegate.swift in Sources */,
				41F807FF2A733EE400A39978 /* MyGames.xcdatamodeld in Sources */,
			);
			runOnlyForDeploymentPostprocessing = 0;
		};
		41F808062A733EE700A39978 /* Sources */ = {
			isa = PBXSourcesBuildPhase;
			buildActionMask = 2147483647;
			files = (
				41F8080F2A733EE700A39978 /* MyGamesTests.swift in Sources */,
			);
			runOnlyForDeploymentPostprocessing = 0;
		};
		41F808102A733EE700A39978 /* Sources */ = {
			isa = PBXSourcesBuildPhase;
			buildActionMask = 2147483647;
			files = (
				41F8081B2A733EE700A39978 /* MyGamesUITestsLaunchTests.swift in Sources */,
				41F808192A733EE700A39978 /* MyGamesUITests.swift in Sources */,
			);
			runOnlyForDeploymentPostprocessing = 0;
		};
/* End PBXSourcesBuildPhase section */

/* Begin PBXTargetDependency section */
		41F8080C2A733EE700A39978 /* PBXTargetDependency */ = {
			isa = PBXTargetDependency;
			target = 41F807F02A733EE400A39978 /* MyGames */;
			targetProxy = 41F8080B2A733EE700A39978 /* PBXContainerItemProxy */;
		};
		41F808162A733EE700A39978 /* PBXTargetDependency */ = {
			isa = PBXTargetDependency;
			target = 41F807F02A733EE400A39978 /* MyGames */;
			targetProxy = 41F808152A733EE700A39978 /* PBXContainerItemProxy */;
		};
/* End PBXTargetDependency section */

/* Begin PBXVariantGroup section */
		41F807FA2A733EE400A39978 /* Main.storyboard */ = {
			isa = PBXVariantGroup;
			children = (
				41F807FB2A733EE400A39978 /* Base */,
			);
			name = Main.storyboard;
			sourceTree = "<group>";
		};
		41F808022A733EE700A39978 /* LaunchScreen.storyboard */ = {
			isa = PBXVariantGroup;
			children = (
				41F808032A733EE700A39978 /* Base */,
			);
			name = LaunchScreen.storyboard;
			sourceTree = "<group>";
		};
/* End PBXVariantGroup section */

/* Begin XCBuildConfiguration section */
		41F8081C2A733EE700A39978 /* Debug */ = {
			isa = XCBuildConfiguration;
			buildSettings = {
				ALWAYS_SEARCH_USER_PATHS = NO;
				CLANG_ANALYZER_NONNULL = YES;
				CLANG_ANALYZER_NUMBER_OBJECT_CONVERSION = YES_AGGRESSIVE;
				CLANG_CXX_LANGUAGE_STANDARD = "gnu++20";
				CLANG_ENABLE_MODULES = YES;
				CLANG_ENABLE_OBJC_ARC = YES;
				CLANG_ENABLE_OBJC_WEAK = YES;
				CLANG_WARN_BLOCK_CAPTURE_AUTORELEASING = YES;
				CLANG_WARN_BOOL_CONVERSION = YES;
				CLANG_WARN_COMMA = YES;
				CLANG_WARN_CONSTANT_CONVERSION = YES;
				CLANG_WARN_DEPRECATED_OBJC_IMPLEMENTATIONS = YES;
				CLANG_WARN_DIRECT_OBJC_ISA_USAGE = YES_ERROR;
				CLANG_WARN_DOCUMENTATION_COMMENTS = YES;
				CLANG_WARN_EMPTY_BODY = YES;
				CLANG_WARN_ENUM_CONVERSION = YES;
				CLANG_WARN_INFINITE_RECURSION = YES;
				CLANG_WARN_INT_CONVERSION = YES;
				CLANG_WARN_NON_LITERAL_NULL_CONVERSION = YES;
				CLANG_WARN_OBJC_IMPLICIT_RETAIN_SELF = YES;
				CLANG_WARN_OBJC_LITERAL_CONVERSION = YES;
				CLANG_WARN_OBJC_ROOT_CLASS = YES_ERROR;
				CLANG_WARN_QUOTED_INCLUDE_IN_FRAMEWORK_HEADER = YES;
				CLANG_WARN_RANGE_LOOP_ANALYSIS = YES;
				CLANG_WARN_STRICT_PROTOTYPES = YES;
				CLANG_WARN_SUSPICIOUS_MOVE = YES;
				CLANG_WARN_UNGUARDED_AVAILABILITY = YES_AGGRESSIVE;
				CLANG_WARN_UNREACHABLE_CODE = YES;
				CLANG_WARN__DUPLICATE_METHOD_MATCH = YES;
				COPY_PHASE_STRIP = NO;
				DEBUG_INFORMATION_FORMAT = dwarf;
				ENABLE_STRICT_OBJC_MSGSEND = YES;
				ENABLE_TESTABILITY = YES;
				GCC_C_LANGUAGE_STANDARD = gnu11;
				GCC_DYNAMIC_NO_PIC = NO;
				GCC_NO_COMMON_BLOCKS = YES;
				GCC_OPTIMIZATION_LEVEL = 0;
				GCC_PREPROCESSOR_DEFINITIONS = (
					"DEBUG=1",
					"$(inherited)",
				);
				GCC_WARN_64_TO_32_BIT_CONVERSION = YES;
				GCC_WARN_ABOUT_RETURN_TYPE = YES_ERROR;
				GCC_WARN_UNDECLARED_SELECTOR = YES;
				GCC_WARN_UNINITIALIZED_AUTOS = YES_AGGRESSIVE;
				GCC_WARN_UNUSED_FUNCTION = YES;
				GCC_WARN_UNUSED_VARIABLE = YES;
				IPHONEOS_DEPLOYMENT_TARGET = 16.2;
				MTL_ENABLE_DEBUG_INFO = INCLUDE_SOURCE;
				MTL_FAST_MATH = YES;
				ONLY_ACTIVE_ARCH = YES;
				SDKROOT = iphoneos;
				SWIFT_ACTIVE_COMPILATION_CONDITIONS = DEBUG;
				SWIFT_OPTIMIZATION_LEVEL = "-Onone";
			};
			name = Debug;
		};
		41F8081D2A733EE700A39978 /* Release */ = {
			isa = XCBuildConfiguration;
			buildSettings = {
				ALWAYS_SEARCH_USER_PATHS = NO;
				CLANG_ANALYZER_NONNULL = YES;
				CLANG_ANALYZER_NUMBER_OBJECT_CONVERSION = YES_AGGRESSIVE;
				CLANG_CXX_LANGUAGE_STANDARD = "gnu++20";
				CLANG_ENABLE_MODULES = YES;
				CLANG_ENABLE_OBJC_ARC = YES;
				CLANG_ENABLE_OBJC_WEAK = YES;
				CLANG_WARN_BLOCK_CAPTURE_AUTORELEASING = YES;
				CLANG_WARN_BOOL_CONVERSION = YES;
				CLANG_WARN_COMMA = YES;
				CLANG_WARN_CONSTANT_CONVERSION = YES;
				CLANG_WARN_DEPRECATED_OBJC_IMPLEMENTATIONS = YES;
				CLANG_WARN_DIRECT_OBJC_ISA_USAGE = YES_ERROR;
				CLANG_WARN_DOCUMENTATION_COMMENTS = YES;
				CLANG_WARN_EMPTY_BODY = YES;
				CLANG_WARN_ENUM_CONVERSION = YES;
				CLANG_WARN_INFINITE_RECURSION = YES;
				CLANG_WARN_INT_CONVERSION = YES;
				CLANG_WARN_NON_LITERAL_NULL_CONVERSION = YES;
				CLANG_WARN_OBJC_IMPLICIT_RETAIN_SELF = YES;
				CLANG_WARN_OBJC_LITERAL_CONVERSION = YES;
				CLANG_WARN_OBJC_ROOT_CLASS = YES_ERROR;
				CLANG_WARN_QUOTED_INCLUDE_IN_FRAMEWORK_HEADER = YES;
				CLANG_WARN_RANGE_LOOP_ANALYSIS = YES;
				CLANG_WARN_STRICT_PROTOTYPES = YES;
				CLANG_WARN_SUSPICIOUS_MOVE = YES;
				CLANG_WARN_UNGUARDED_AVAILABILITY = YES_AGGRESSIVE;
				CLANG_WARN_UNREACHABLE_CODE = YES;
				CLANG_WARN__DUPLICATE_METHOD_MATCH = YES;
				COPY_PHASE_STRIP = NO;
				DEBUG_INFORMATION_FORMAT = "dwarf-with-dsym";
				ENABLE_NS_ASSERTIONS = NO;
				ENABLE_STRICT_OBJC_MSGSEND = YES;
				GCC_C_LANGUAGE_STANDARD = gnu11;
				GCC_NO_COMMON_BLOCKS = YES;
				GCC_WARN_64_TO_32_BIT_CONVERSION = YES;
				GCC_WARN_ABOUT_RETURN_TYPE = YES_ERROR;
				GCC_WARN_UNDECLARED_SELECTOR = YES;
				GCC_WARN_UNINITIALIZED_AUTOS = YES_AGGRESSIVE;
				GCC_WARN_UNUSED_FUNCTION = YES;
				GCC_WARN_UNUSED_VARIABLE = YES;
				IPHONEOS_DEPLOYMENT_TARGET = 16.2;
				MTL_ENABLE_DEBUG_INFO = NO;
				MTL_FAST_MATH = YES;
				SDKROOT = iphoneos;
				SWIFT_COMPILATION_MODE = wholemodule;
				SWIFT_OPTIMIZATION_LEVEL = "-O";
				VALIDATE_PRODUCT = YES;
			};
			name = Release;
		};
		41F8081F2A733EE700A39978 /* Debug */ = {
			isa = XCBuildConfiguration;
			buildSettings = {
				ASSETCATALOG_COMPILER_APPICON_NAME = AppIcon;
				ASSETCATALOG_COMPILER_GLOBAL_ACCENT_COLOR_NAME = AccentColor;
				CODE_SIGN_STYLE = Automatic;
				CURRENT_PROJECT_VERSION = 1;
				DEVELOPMENT_TEAM = Q48D653B57;
				GENERATE_INFOPLIST_FILE = YES;
				INFOPLIST_FILE = MyGames/Info.plist;
				INFOPLIST_KEY_UIApplicationSupportsIndirectInputEvents = YES;
				INFOPLIST_KEY_UILaunchStoryboardName = LaunchScreen;
				INFOPLIST_KEY_UIMainStoryboardFile = Main;
				INFOPLIST_KEY_UISupportedInterfaceOrientations_iPad = "UIInterfaceOrientationPortrait UIInterfaceOrientationPortraitUpsideDown UIInterfaceOrientationLandscapeLeft UIInterfaceOrientationLandscapeRight";
				INFOPLIST_KEY_UISupportedInterfaceOrientations_iPhone = "UIInterfaceOrientationPortrait UIInterfaceOrientationLandscapeLeft UIInterfaceOrientationLandscapeRight";
				LD_RUNPATH_SEARCH_PATHS = (
					"$(inherited)",
					"@executable_path/Frameworks",
				);
				MARKETING_VERSION = 1.0;
				PRODUCT_BUNDLE_IDENTIFIER = Kato.MyGames;
				PRODUCT_NAME = "$(TARGET_NAME)";
				SWIFT_EMIT_LOC_STRINGS = YES;
				SWIFT_VERSION = 5.0;
				TARGETED_DEVICE_FAMILY = "1,2";
			};
			name = Debug;
		};
		41F808202A733EE700A39978 /* Release */ = {
			isa = XCBuildConfiguration;
			buildSettings = {
				ASSETCATALOG_COMPILER_APPICON_NAME = AppIcon;
				ASSETCATALOG_COMPILER_GLOBAL_ACCENT_COLOR_NAME = AccentColor;
				CODE_SIGN_STYLE = Automatic;
				CURRENT_PROJECT_VERSION = 1;
				DEVELOPMENT_TEAM = Q48D653B57;
				GENERATE_INFOPLIST_FILE = YES;
				INFOPLIST_FILE = MyGames/Info.plist;
				INFOPLIST_KEY_UIApplicationSupportsIndirectInputEvents = YES;
				INFOPLIST_KEY_UILaunchStoryboardName = LaunchScreen;
				INFOPLIST_KEY_UIMainStoryboardFile = Main;
				INFOPLIST_KEY_UISupportedInterfaceOrientations_iPad = "UIInterfaceOrientationPortrait UIInterfaceOrientationPortraitUpsideDown UIInterfaceOrientationLandscapeLeft UIInterfaceOrientationLandscapeRight";
				INFOPLIST_KEY_UISupportedInterfaceOrientations_iPhone = "UIInterfaceOrientationPortrait UIInterfaceOrientationLandscapeLeft UIInterfaceOrientationLandscapeRight";
				LD_RUNPATH_SEARCH_PATHS = (
					"$(inherited)",
					"@executable_path/Frameworks",
				);
				MARKETING_VERSION = 1.0;
				PRODUCT_BUNDLE_IDENTIFIER = Kato.MyGames;
				PRODUCT_NAME = "$(TARGET_NAME)";
				SWIFT_EMIT_LOC_STRINGS = YES;
				SWIFT_VERSION = 5.0;
				TARGETED_DEVICE_FAMILY = "1,2";
			};
			name = Release;
		};
		41F808222A733EE700A39978 /* Debug */ = {
			isa = XCBuildConfiguration;
			buildSettings = {
				ALWAYS_EMBED_SWIFT_STANDARD_LIBRARIES = YES;
				BUNDLE_LOADER = "$(TEST_HOST)";
				CODE_SIGN_STYLE = Automatic;
				CURRENT_PROJECT_VERSION = 1;
				DEVELOPMENT_TEAM = Q48D653B57;
				GENERATE_INFOPLIST_FILE = YES;
				IPHONEOS_DEPLOYMENT_TARGET = 16.2;
				MARKETING_VERSION = 1.0;
				PRODUCT_BUNDLE_IDENTIFIER = Kato.MyGamesTests;
				PRODUCT_NAME = "$(TARGET_NAME)";
				SWIFT_EMIT_LOC_STRINGS = NO;
				SWIFT_VERSION = 5.0;
				TARGETED_DEVICE_FAMILY = "1,2";
				TEST_HOST = "$(BUILT_PRODUCTS_DIR)/MyGames.app/$(BUNDLE_EXECUTABLE_FOLDER_PATH)/MyGames";
			};
			name = Debug;
		};
		41F808232A733EE700A39978 /* Release */ = {
			isa = XCBuildConfiguration;
			buildSettings = {
				ALWAYS_EMBED_SWIFT_STANDARD_LIBRARIES = YES;
				BUNDLE_LOADER = "$(TEST_HOST)";
				CODE_SIGN_STYLE = Automatic;
				CURRENT_PROJECT_VERSION = 1;
				DEVELOPMENT_TEAM = Q48D653B57;
				GENERATE_INFOPLIST_FILE = YES;
				IPHONEOS_DEPLOYMENT_TARGET = 16.2;
				MARKETING_VERSION = 1.0;
				PRODUCT_BUNDLE_IDENTIFIER = Kato.MyGamesTests;
				PRODUCT_NAME = "$(TARGET_NAME)";
				SWIFT_EMIT_LOC_STRINGS = NO;
				SWIFT_VERSION = 5.0;
				TARGETED_DEVICE_FAMILY = "1,2";
				TEST_HOST = "$(BUILT_PRODUCTS_DIR)/MyGames.app/$(BUNDLE_EXECUTABLE_FOLDER_PATH)/MyGames";
			};
			name = Release;
		};
		41F808252A733EE700A39978 /* Debug */ = {
			isa = XCBuildConfiguration;
			buildSettings = {
				ALWAYS_EMBED_SWIFT_STANDARD_LIBRARIES = YES;
				CODE_SIGN_STYLE = Automatic;
				CURRENT_PROJECT_VERSION = 1;
				DEVELOPMENT_TEAM = Q48D653B57;
				GENERATE_INFOPLIST_FILE = YES;
				MARKETING_VERSION = 1.0;
				PRODUCT_BUNDLE_IDENTIFIER = Kato.MyGamesUITests;
				PRODUCT_NAME = "$(TARGET_NAME)";
				SWIFT_EMIT_LOC_STRINGS = NO;
				SWIFT_VERSION = 5.0;
				TARGETED_DEVICE_FAMILY = "1,2";
				TEST_TARGET_NAME = MyGames;
			};
			name = Debug;
		};
		41F808262A733EE700A39978 /* Release */ = {
			isa = XCBuildConfiguration;
			buildSettings = {
				ALWAYS_EMBED_SWIFT_STANDARD_LIBRARIES = YES;
				CODE_SIGN_STYLE = Automatic;
				CURRENT_PROJECT_VERSION = 1;
				DEVELOPMENT_TEAM = Q48D653B57;
				GENERATE_INFOPLIST_FILE = YES;
				MARKETING_VERSION = 1.0;
				PRODUCT_BUNDLE_IDENTIFIER = Kato.MyGamesUITests;
				PRODUCT_NAME = "$(TARGET_NAME)";
				SWIFT_EMIT_LOC_STRINGS = NO;
				SWIFT_VERSION = 5.0;
				TARGETED_DEVICE_FAMILY = "1,2";
				TEST_TARGET_NAME = MyGames;
			};
			name = Release;
		};
/* End XCBuildConfiguration section */

/* Begin XCConfigurationList section */
		41F807EC2A733EE400A39978 /* Build configuration list for PBXProject "MyGames" */ = {
			isa = XCConfigurationList;
			buildConfigurations = (
				41F8081C2A733EE700A39978 /* Debug */,
				41F8081D2A733EE700A39978 /* Release */,
			);
			defaultConfigurationIsVisible = 0;
			defaultConfigurationName = Release;
		};
		41F8081E2A733EE700A39978 /* Build configuration list for PBXNativeTarget "MyGames" */ = {
			isa = XCConfigurationList;
			buildConfigurations = (
				41F8081F2A733EE700A39978 /* Debug */,
				41F808202A733EE700A39978 /* Release */,
			);
			defaultConfigurationIsVisible = 0;
			defaultConfigurationName = Release;
		};
		41F808212A733EE700A39978 /* Build configuration list for PBXNativeTarget "MyGamesTests" */ = {
			isa = XCConfigurationList;
			buildConfigurations = (
				41F808222A733EE700A39978 /* Debug */,
				41F808232A733EE700A39978 /* Release */,
			);
			defaultConfigurationIsVisible = 0;
			defaultConfigurationName = Release;
		};
		41F808242A733EE700A39978 /* Build configuration list for PBXNativeTarget "MyGamesUITests" */ = {
			isa = XCConfigurationList;
			buildConfigurations = (
				41F808252A733EE700A39978 /* Debug */,
				41F808262A733EE700A39978 /* Release */,
			);
			defaultConfigurationIsVisible = 0;
			defaultConfigurationName = Release;
		};
/* End XCConfigurationList section */

/* Begin XCVersionGroup section */
		41F807FD2A733EE400A39978 /* MyGames.xcdatamodeld */ = {
			isa = XCVersionGroup;
			children = (
				41F807FE2A733EE400A39978 /* MyGames.xcdatamodel */,
			);
			currentVersion = 41F807FE2A733EE400A39978 /* MyGames.xcdatamodel */;
			path = MyGames.xcdatamodeld;
			sourceTree = "<group>";
			versionGroupType = wrapper.xcdatamodel;
		};
/* End XCVersionGroup section */
	};
	rootObject = 41F807E92A733EE400A39978 /* Project object */;
}
